
Microsoft Visual Studio Solution File, Format Version 12.00
# Visual Studio Version 17
VisualStudioVersion = 17.8.34316.72
MinimumVisualStudioVersion = 10.0.40219.1
Project("{9A19103F-16F7-4668-BE54-9A1E7A4F7556}") = "NetLock RMM Web Console", "NetLock RMM Web Console.csproj", "{AA515FF8-9CC2-4A14-B091-378BA5CCDFF2}"
EndProject
Global
	GlobalSection(SolutionConfigurationPlatforms) = preSolution
		Debug|Any CPU = Debug|Any CPU
		Release|Any CPU = Release|Any CPU
	EndGlobalSection
	GlobalSection(ProjectConfigurationPlatforms) = postSolution
		{AA515FF8-9CC2-4A14-B091-378BA5CCDFF2}.Debug|Any CPU.ActiveCfg = Debug|Any CPU
		{AA515FF8-9CC2-4A14-B091-378BA5CCDFF2}.Debug|Any CPU.Build.0 = Debug|Any CPU
		{AA515FF8-9CC2-4A14-B091-378BA5CCDFF2}.Release|Any CPU.ActiveCfg = Release|Any CPU
		{AA515FF8-9CC2-4A14-B091-378BA5CCDFF2}.Release|Any CPU.Build.0 = Release|Any CPU
	EndGlobalSection
	GlobalSection(SolutionProperties) = preSolution
		HideSolutionNode = FALSE
	EndGlobalSection
	GlobalSection(ExtensibilityGlobals) = postSolution
		SolutionGuid = {FA731A8F-932D-43BB-BD9D-0AD1703C5002}
	EndGlobalSection
EndGlobal
